// !$*UTF8*$!
{
	archiveVersion = 1;
	classes = {
	};
	objectVersion = 56;
	objects = {

/* Begin PBXBuildFile section */
		094EA8582BC6AAD3006B0942 /* sowApp.swift in Sources */ = {isa = PBXBuildFile; fileRef = 094EA8572BC6AAD3006B0942 /* sowApp.swift */; };
		094EA85A2BC6AAD3006B0942 /* ContentView.swift in Sources */ = {isa = PBXBuildFile; fileRef = 094EA8592BC6AAD3006B0942 /* ContentView.swift */; };
		094EA85C2BC6AAD5006B0942 /* Assets.xcassets in Resources */ = {isa = PBXBuildFile; fileRef = 094EA85B2BC6AAD5006B0942 /* Assets.xcassets */; };
		094EA85F2BC6AAD5006B0942 /* Preview Assets.xcassets in Resources */ = {isa = PBXBuildFile; fileRef = 094EA85E2BC6AAD5006B0942 /* Preview Assets.xcassets */; };
		094EA8692BC6AAD5006B0942 /* sowTests.swift in Sources */ = {isa = PBXBuildFile; fileRef = 094EA8682BC6AAD5006B0942 /* sowTests.swift */; };
		094EA8732BC6AAD5006B0942 /* sowUITests.swift in Sources */ = {isa = PBXBuildFile; fileRef = 094EA8722BC6AAD5006B0942 /* sowUITests.swift */; };
		094EA8752BC6AAD5006B0942 /* sowUITestsLaunchTests.swift in Sources */ = {isa = PBXBuildFile; fileRef = 094EA8742BC6AAD5006B0942 /* sowUITestsLaunchTests.swift */; };
		099CDAB32BC7852300CB1FAC /* PresentationLib in Frameworks */ = {isa = PBXBuildFile; productRef = 099CDAB22BC7852300CB1FAC /* PresentationLib */; };
		099CDAB52BC7867300CB1FAC /* GoogleService-Info.plist in Resources */ = {isa = PBXBuildFile; fileRef = 099CDAB42BC7867300CB1FAC /* GoogleService-Info.plist */; };
		099CDAB92BC787A700CB1FAC /* ContentView.swift in Sources */ = {isa = PBXBuildFile; fileRef = 094EA8592BC6AAD3006B0942 /* ContentView.swift */; };
		099CDABA2BC787A700CB1FAC /* sowApp.swift in Sources */ = {isa = PBXBuildFile; fileRef = 094EA8572BC6AAD3006B0942 /* sowApp.swift */; };
		099CDABC2BC787A700CB1FAC /* PresentationLib in Frameworks */ = {isa = PBXBuildFile; productRef = 099CDAB72BC787A700CB1FAC /* PresentationLib */; };
		099CDABE2BC787A700CB1FAC /* Preview Assets.xcassets in Resources */ = {isa = PBXBuildFile; fileRef = 094EA85E2BC6AAD5006B0942 /* Preview Assets.xcassets */; };
		099CDABF2BC787A700CB1FAC /* Assets.xcassets in Resources */ = {isa = PBXBuildFile; fileRef = 094EA85B2BC6AAD5006B0942 /* Assets.xcassets */; };
		099CDAC02BC787A700CB1FAC /* GoogleService-Info.plist in Resources */ = {isa = PBXBuildFile; fileRef = 099CDAB42BC7867300CB1FAC /* GoogleService-Info.plist */; };
		099CDAC82BC7890800CB1FAC /* GoogleService-dev.Info.plist in Resources */ = {isa = PBXBuildFile; fileRef = 099CDAC72BC7890800CB1FAC /* GoogleService-dev.Info.plist */; };
/* End PBXBuildFile section */

/* Begin PBXContainerItemProxy section */
		094EA8652BC6AAD5006B0942 /* PBXContainerItemProxy */ = {
			isa = PBXContainerItemProxy;
			containerPortal = 094EA84C2BC6AAD3006B0942 /* Project object */;
			proxyType = 1;
			remoteGlobalIDString = 094EA8532BC6AAD3006B0942;
			remoteInfo = sow;
		};
		094EA86F2BC6AAD5006B0942 /* PBXContainerItemProxy */ = {
			isa = PBXContainerItemProxy;
			containerPortal = 094EA84C2BC6AAD3006B0942 /* Project object */;
			proxyType = 1;
			remoteGlobalIDString = 094EA8532BC6AAD3006B0942;
			remoteInfo = sow;
		};
/* End PBXContainerItemProxy section */

/* Begin PBXFileReference section */
		090954022BCFF49B001A713C /* BuildTools */ = {isa = PBXFileReference; lastKnownFileType = wrapper; path = BuildTools; sourceTree = "<group>"; };
		094EA8542BC6AAD3006B0942 /* sow.app */ = {isa = PBXFileReference; explicitFileType = wrapper.application; includeInIndex = 0; path = sow.app; sourceTree = BUILT_PRODUCTS_DIR; };
		094EA8572BC6AAD3006B0942 /* sowApp.swift */ = {isa = PBXFileReference; lastKnownFileType = sourcecode.swift; path = sowApp.swift; sourceTree = "<group>"; };
		094EA8592BC6AAD3006B0942 /* ContentView.swift */ = {isa = PBXFileReference; lastKnownFileType = sourcecode.swift; path = ContentView.swift; sourceTree = "<group>"; };
		094EA85B2BC6AAD5006B0942 /* Assets.xcassets */ = {isa = PBXFileReference; lastKnownFileType = folder.assetcatalog; path = Assets.xcassets; sourceTree = "<group>"; };
		094EA85E2BC6AAD5006B0942 /* Preview Assets.xcassets */ = {isa = PBXFileReference; lastKnownFileType = folder.assetcatalog; path = "Preview Assets.xcassets"; sourceTree = "<group>"; };
		094EA8642BC6AAD5006B0942 /* sowTests.xctest */ = {isa = PBXFileReference; explicitFileType = wrapper.cfbundle; includeInIndex = 0; path = sowTests.xctest; sourceTree = BUILT_PRODUCTS_DIR; };
		094EA8682BC6AAD5006B0942 /* sowTests.swift */ = {isa = PBXFileReference; lastKnownFileType = sourcecode.swift; path = sowTests.swift; sourceTree = "<group>"; };
		094EA86E2BC6AAD5006B0942 /* sowUITests.xctest */ = {isa = PBXFileReference; explicitFileType = wrapper.cfbundle; includeInIndex = 0; path = sowUITests.xctest; sourceTree = BUILT_PRODUCTS_DIR; };
		094EA8722BC6AAD5006B0942 /* sowUITests.swift */ = {isa = PBXFileReference; lastKnownFileType = sourcecode.swift; path = sowUITests.swift; sourceTree = "<group>"; };
		094EA8742BC6AAD5006B0942 /* sowUITestsLaunchTests.swift */ = {isa = PBXFileReference; lastKnownFileType = sourcecode.swift; path = sowUITestsLaunchTests.swift; sourceTree = "<group>"; };
		099CDAB12BC7816A00CB1FAC /* Packages */ = {isa = PBXFileReference; lastKnownFileType = wrapper; name = Packages; path = sow/Packages; sourceTree = "<group>"; };
		099CDAB42BC7867300CB1FAC /* GoogleService-Info.plist */ = {isa = PBXFileReference; fileEncoding = 4; lastKnownFileType = text.plist.xml; path = "GoogleService-Info.plist"; sourceTree = "<group>"; };
		099CDAC42BC787A700CB1FAC /* sow-dev.app */ = {isa = PBXFileReference; explicitFileType = wrapper.application; includeInIndex = 0; path = "sow-dev.app"; sourceTree = BUILT_PRODUCTS_DIR; };
		099CDAC72BC7890800CB1FAC /* GoogleService-dev.Info.plist */ = {isa = PBXFileReference; fileEncoding = 4; lastKnownFileType = text.plist.xml; path = "GoogleService-dev.Info.plist"; sourceTree = "<group>"; };
/* End PBXFileReference section */

/* Begin PBXFrameworksBuildPhase section */
		094EA8512BC6AAD3006B0942 /* Frameworks */ = {
			isa = PBXFrameworksBuildPhase;
			buildActionMask = 2147483647;
			files = (
				099CDAB32BC7852300CB1FAC /* PresentationLib in Frameworks */,
			);
			runOnlyForDeploymentPostprocessing = 0;
		};
		094EA8612BC6AAD5006B0942 /* Frameworks */ = {
			isa = PBXFrameworksBuildPhase;
			buildActionMask = 2147483647;
			files = (
			);
			runOnlyForDeploymentPostprocessing = 0;
		};
		094EA86B2BC6AAD5006B0942 /* Frameworks */ = {
			isa = PBXFrameworksBuildPhase;
			buildActionMask = 2147483647;
			files = (
			);
			runOnlyForDeploymentPostprocessing = 0;
		};
		099CDABB2BC787A700CB1FAC /* Frameworks */ = {
			isa = PBXFrameworksBuildPhase;
			buildActionMask = 2147483647;
			files = (
				099CDABC2BC787A700CB1FAC /* PresentationLib in Frameworks */,
			);
			runOnlyForDeploymentPostprocessing = 0;
		};
/* End PBXFrameworksBuildPhase section */

/* Begin PBXGroup section */
		091E02EE2BC76FD7007571C5 /* Frameworks */ = {
			isa = PBXGroup;
			children = (
			);
			name = Frameworks;
			sourceTree = "<group>";
		};
		094EA84B2BC6AAD3006B0942 = {
			isa = PBXGroup;
			children = (
				090954022BCFF49B001A713C /* BuildTools */,
				099CDAB12BC7816A00CB1FAC /* Packages */,
				094EA8562BC6AAD3006B0942 /* sow */,
				094EA8672BC6AAD5006B0942 /* sowTests */,
				094EA8712BC6AAD5006B0942 /* sowUITests */,
				094EA8552BC6AAD3006B0942 /* Products */,
				091E02EE2BC76FD7007571C5 /* Frameworks */,
			);
			sourceTree = "<group>";
		};
		094EA8552BC6AAD3006B0942 /* Products */ = {
			isa = PBXGroup;
			children = (
				094EA8542BC6AAD3006B0942 /* sow.app */,
				094EA8642BC6AAD5006B0942 /* sowTests.xctest */,
				094EA86E2BC6AAD5006B0942 /* sowUITests.xctest */,
				099CDAC42BC787A700CB1FAC /* sow-dev.app */,
			);
			name = Products;
			sourceTree = "<group>";
		};
		094EA8562BC6AAD3006B0942 /* sow */ = {
			isa = PBXGroup;
			children = (
				094EA8572BC6AAD3006B0942 /* sowApp.swift */,
				094EA8592BC6AAD3006B0942 /* ContentView.swift */,
				094EA85B2BC6AAD5006B0942 /* Assets.xcassets */,
				094EA8822BC6B66C006B0942 /* Resources */,
				094EA85D2BC6AAD5006B0942 /* Preview Content */,
			);
			path = sow;
			sourceTree = "<group>";
		};
		094EA85D2BC6AAD5006B0942 /* Preview Content */ = {
			isa = PBXGroup;
			children = (
				094EA85E2BC6AAD5006B0942 /* Preview Assets.xcassets */,
			);
			path = "Preview Content";
			sourceTree = "<group>";
		};
		094EA8672BC6AAD5006B0942 /* sowTests */ = {
			isa = PBXGroup;
			children = (
				094EA8682BC6AAD5006B0942 /* sowTests.swift */,
			);
			path = sowTests;
			sourceTree = "<group>";
		};
		094EA8712BC6AAD5006B0942 /* sowUITests */ = {
			isa = PBXGroup;
			children = (
				094EA8722BC6AAD5006B0942 /* sowUITests.swift */,
				094EA8742BC6AAD5006B0942 /* sowUITestsLaunchTests.swift */,
			);
			path = sowUITests;
			sourceTree = "<group>";
		};
		094EA8822BC6B66C006B0942 /* Resources */ = {
			isa = PBXGroup;
			children = (
				094EA8832BC6B67C006B0942 /* Plist */,
			);
			path = Resources;
			sourceTree = "<group>";
		};
		094EA8832BC6B67C006B0942 /* Plist */ = {
			isa = PBXGroup;
			children = (
				099CDAC72BC7890800CB1FAC /* GoogleService-dev.Info.plist */,
				099CDAB42BC7867300CB1FAC /* GoogleService-Info.plist */,
			);
			path = Plist;
			sourceTree = "<group>";
		};
/* End PBXGroup section */

/* Begin PBXNativeTarget section */
		094EA8532BC6AAD3006B0942 /* sow */ = {
			isa = PBXNativeTarget;
			buildConfigurationList = 094EA8782BC6AAD5006B0942 /* Build configuration list for PBXNativeTarget "sow" */;
			buildPhases = (
				094EA8502BC6AAD3006B0942 /* Sources */,
				094EA8512BC6AAD3006B0942 /* Frameworks */,
				094EA8522BC6AAD3006B0942 /* Resources */,
				098702112BD0F240003F6292 /* Swiftformat */,
				098702122BD0F25D003F6292 /* Swiftlint */,
			);
			buildRules = (
			);
			dependencies = (
			);
			name = sow;
			packageProductDependencies = (
				099CDAB22BC7852300CB1FAC /* PresentationLib */,
			);
			productName = sow;
			productReference = 094EA8542BC6AAD3006B0942 /* sow.app */;
			productType = "com.apple.product-type.application";
		};
		094EA8632BC6AAD5006B0942 /* sowTests */ = {
			isa = PBXNativeTarget;
			buildConfigurationList = 094EA87B2BC6AAD5006B0942 /* Build configuration list for PBXNativeTarget "sowTests" */;
			buildPhases = (
				094EA8602BC6AAD5006B0942 /* Sources */,
				094EA8612BC6AAD5006B0942 /* Frameworks */,
				094EA8622BC6AAD5006B0942 /* Resources */,
			);
			buildRules = (
			);
			dependencies = (
				094EA8662BC6AAD5006B0942 /* PBXTargetDependency */,
			);
			name = sowTests;
			productName = sowTests;
			productReference = 094EA8642BC6AAD5006B0942 /* sowTests.xctest */;
			productType = "com.apple.product-type.bundle.unit-test";
		};
		094EA86D2BC6AAD5006B0942 /* sowUITests */ = {
			isa = PBXNativeTarget;
			buildConfigurationList = 094EA87E2BC6AAD5006B0942 /* Build configuration list for PBXNativeTarget "sowUITests" */;
			buildPhases = (
				094EA86A2BC6AAD5006B0942 /* Sources */,
				094EA86B2BC6AAD5006B0942 /* Frameworks */,
				094EA86C2BC6AAD5006B0942 /* Resources */,
			);
			buildRules = (
			);
			dependencies = (
				094EA8702BC6AAD5006B0942 /* PBXTargetDependency */,
			);
			name = sowUITests;
			productName = sowUITests;
			productReference = 094EA86E2BC6AAD5006B0942 /* sowUITests.xctest */;
			productType = "com.apple.product-type.bundle.ui-testing";
		};
		099CDAB62BC787A700CB1FAC /* sow-dev */ = {
			isa = PBXNativeTarget;
			buildConfigurationList = 099CDAC12BC787A700CB1FAC /* Build configuration list for PBXNativeTarget "sow-dev" */;
			buildPhases = (
				099CDAB82BC787A700CB1FAC /* Sources */,
				099CDABB2BC787A700CB1FAC /* Frameworks */,
				099CDABD2BC787A700CB1FAC /* Resources */,
				090954032BCFF4D2001A713C /* Swiftformat */,
				090954042BCFF4EB001A713C /* Swiftlint */,
			);
			buildRules = (
			);
			dependencies = (
			);
			name = "sow-dev";
			packageProductDependencies = (
				099CDAB72BC787A700CB1FAC /* PresentationLib */,
			);
			productName = sow;
			productReference = 099CDAC42BC787A700CB1FAC /* sow-dev.app */;
			productType = "com.apple.product-type.application";
		};
/* End PBXNativeTarget section */

/* Begin PBXProject section */
		094EA84C2BC6AAD3006B0942 /* Project object */ = {
			isa = PBXProject;
			attributes = {
				BuildIndependentTargetsInParallel = 1;
				LastSwiftUpdateCheck = 1520;
				LastUpgradeCheck = 1520;
				TargetAttributes = {
					094EA8532BC6AAD3006B0942 = {
						CreatedOnToolsVersion = 15.2;
					};
					094EA8632BC6AAD5006B0942 = {
						CreatedOnToolsVersion = 15.2;
						TestTargetID = 094EA8532BC6AAD3006B0942;
					};
					094EA86D2BC6AAD5006B0942 = {
						CreatedOnToolsVersion = 15.2;
						TestTargetID = 094EA8532BC6AAD3006B0942;
					};
				};
			};
			buildConfigurationList = 094EA84F2BC6AAD3006B0942 /* Build configuration list for PBXProject "sow" */;
			compatibilityVersion = "Xcode 14.0";
			developmentRegion = en;
			hasScannedForEncodings = 0;
			knownRegions = (
				en,
				Base,
			);
			mainGroup = 094EA84B2BC6AAD3006B0942;
			productRefGroup = 094EA8552BC6AAD3006B0942 /* Products */;
			projectDirPath = "";
			projectRoot = "";
			targets = (
				094EA8532BC6AAD3006B0942 /* sow */,
				094EA8632BC6AAD5006B0942 /* sowTests */,
				094EA86D2BC6AAD5006B0942 /* sowUITests */,
				099CDAB62BC787A700CB1FAC /* sow-dev */,
			);
		};
/* End PBXProject section */

/* Begin PBXResourcesBuildPhase section */
		094EA8522BC6AAD3006B0942 /* Resources */ = {
			isa = PBXResourcesBuildPhase;
			buildActionMask = 2147483647;
			files = (
				099CDAC82BC7890800CB1FAC /* GoogleService-dev.Info.plist in Resources */,
				094EA85F2BC6AAD5006B0942 /* Preview Assets.xcassets in Resources */,
				094EA85C2BC6AAD5006B0942 /* Assets.xcassets in Resources */,
				099CDAB52BC7867300CB1FAC /* GoogleService-Info.plist in Resources */,
			);
			runOnlyForDeploymentPostprocessing = 0;
		};
		094EA8622BC6AAD5006B0942 /* Resources */ = {
			isa = PBXResourcesBuildPhase;
			buildActionMask = 2147483647;
			files = (
			);
			runOnlyForDeploymentPostprocessing = 0;
		};
		094EA86C2BC6AAD5006B0942 /* Resources */ = {
			isa = PBXResourcesBuildPhase;
			buildActionMask = 2147483647;
			files = (
			);
			runOnlyForDeploymentPostprocessing = 0;
		};
		099CDABD2BC787A700CB1FAC /* Resources */ = {
			isa = PBXResourcesBuildPhase;
			buildActionMask = 2147483647;
			files = (
				099CDABE2BC787A700CB1FAC /* Preview Assets.xcassets in Resources */,
				099CDABF2BC787A700CB1FAC /* Assets.xcassets in Resources */,
				099CDAC02BC787A700CB1FAC /* GoogleService-Info.plist in Resources */,
			);
			runOnlyForDeploymentPostprocessing = 0;
		};
/* End PBXResourcesBuildPhase section */

/* Begin PBXShellScriptBuildPhase section */
		090954032BCFF4D2001A713C /* Swiftformat */ = {
			isa = PBXShellScriptBuildPhase;
			alwaysOutOfDate = 1;
			buildActionMask = 2147483647;
			files = (
			);
			inputFileListPaths = (
			);
			inputPaths = (
			);
			name = Swiftformat;
			outputFileListPaths = (
			);
			outputPaths = (
			);
			runOnlyForDeploymentPostprocessing = 0;
			shellPath = /bin/sh;
			shellScript = "cd BuildTools\nSDKROOT=(xcrun --sdk macosx --show-sdk-path)\n#swift package update #Uncomment this line temporarily to update the version used to the latest matching your BuildTools/Package.swift file\nswift run -c release swiftformat \"$SRCROOT\"\n";
		};
		090954042BCFF4EB001A713C /* Swiftlint */ = {
			isa = PBXShellScriptBuildPhase;
			alwaysOutOfDate = 1;
			buildActionMask = 2147483647;
			files = (
			);
			inputFileListPaths = (
			);
			inputPaths = (
			);
			name = Swiftlint;
			outputFileListPaths = (
			);
			outputPaths = (
			);
			runOnlyForDeploymentPostprocessing = 0;
			shellPath = /bin/sh;
			shellScript = "cd BuildTools\nSDKROOT=macosx\n\n# Uncomment this line temporarily to update the version used to the latest matching your BuildTools/Package.swift file\n# swift package update\ncp $SRCROOT/.swiftlint.yml ./\nswift run -c release swiftlint\nrm .swiftlint.yml\n";
		};
		098702112BD0F240003F6292 /* Swiftformat */ = {
			isa = PBXShellScriptBuildPhase;
			buildActionMask = 2147483647;
			files = (
			);
			inputFileListPaths = (
			);
			inputPaths = (
			);
			name = Swiftformat;
			outputFileListPaths = (
			);
			outputPaths = (
			);
			runOnlyForDeploymentPostprocessing = 0;
			shellPath = /bin/sh;
			shellScript = "cd BuildTools\nSDKROOT=(xcrun --sdk macosx --show-sdk-path)\n#swift package update #Uncomment this line temporarily to update the version used to the latest matching your BuildTools/Package.swift file\nswift run -c release swiftformat \"$SRCROOT\"\n";
		};
		098702122BD0F25D003F6292 /* Swiftlint */ = {
			isa = PBXShellScriptBuildPhase;
			buildActionMask = 2147483647;
			files = (
			);
			inputFileListPaths = (
			);
			inputPaths = (
			);
			name = Swiftlint;
			outputFileListPaths = (
			);
			outputPaths = (
			);
			runOnlyForDeploymentPostprocessing = 0;
			shellPath = /bin/sh;
			shellScript = "cd BuildTools\nSDKROOT=macosx\n\n# Uncomment this line temporarily to update the version used to the latest matching your BuildTools/Package.swift file\n# swift package update\ncp $SRCROOT/.swiftlint.yml ./\nswift run -c release swiftlint\nrm .swiftlint.yml\n\n";
		};
/* End PBXShellScriptBuildPhase section */

/* Begin PBXSourcesBuildPhase section */
		094EA8502BC6AAD3006B0942 /* Sources */ = {
			isa = PBXSourcesBuildPhase;
			buildActionMask = 2147483647;
			files = (
				094EA85A2BC6AAD3006B0942 /* ContentView.swift in Sources */,
				094EA8582BC6AAD3006B0942 /* sowApp.swift in Sources */,
			);
			runOnlyForDeploymentPostprocessing = 0;
		};
		094EA8602BC6AAD5006B0942 /* Sources */ = {
			isa = PBXSourcesBuildPhase;
			buildActionMask = 2147483647;
			files = (
				094EA8692BC6AAD5006B0942 /* sowTests.swift in Sources */,
			);
			runOnlyForDeploymentPostprocessing = 0;
		};
		094EA86A2BC6AAD5006B0942 /* Sources */ = {
			isa = PBXSourcesBuildPhase;
			buildActionMask = 2147483647;
			files = (
				094EA8732BC6AAD5006B0942 /* sowUITests.swift in Sources */,
				094EA8752BC6AAD5006B0942 /* sowUITestsLaunchTests.swift in Sources */,
			);
			runOnlyForDeploymentPostprocessing = 0;
		};
		099CDAB82BC787A700CB1FAC /* Sources */ = {
			isa = PBXSourcesBuildPhase;
			buildActionMask = 2147483647;
			files = (
				099CDAB92BC787A700CB1FAC /* ContentView.swift in Sources */,
				099CDABA2BC787A700CB1FAC /* sowApp.swift in Sources */,
			);
			runOnlyForDeploymentPostprocessing = 0;
		};
/* End PBXSourcesBuildPhase section */

/* Begin PBXTargetDependency section */
		094EA8662BC6AAD5006B0942 /* PBXTargetDependency */ = {
			isa = PBXTargetDependency;
			target = 094EA8532BC6AAD3006B0942 /* sow */;
			targetProxy = 094EA8652BC6AAD5006B0942 /* PBXContainerItemProxy */;
		};
		094EA8702BC6AAD5006B0942 /* PBXTargetDependency */ = {
			isa = PBXTargetDependency;
			target = 094EA8532BC6AAD3006B0942 /* sow */;
			targetProxy = 094EA86F2BC6AAD5006B0942 /* PBXContainerItemProxy */;
		};
/* End PBXTargetDependency section */

/* Begin XCBuildConfiguration section */
		094EA8762BC6AAD5006B0942 /* Debug */ = {
			isa = XCBuildConfiguration;
			buildSettings = {
				ALWAYS_SEARCH_USER_PATHS = NO;
				ASSETCATALOG_COMPILER_GENERATE_SWIFT_ASSET_SYMBOL_EXTENSIONS = YES;
				CLANG_ANALYZER_NONNULL = YES;
				CLANG_ANALYZER_NUMBER_OBJECT_CONVERSION = YES_AGGRESSIVE;
				CLANG_CXX_LANGUAGE_STANDARD = "gnu++20";
				CLANG_ENABLE_MODULES = YES;
				CLANG_ENABLE_OBJC_ARC = YES;
				CLANG_ENABLE_OBJC_WEAK = YES;
				CLANG_WARN_BLOCK_CAPTURE_AUTORELEASING = YES;
				CLANG_WARN_BOOL_CONVERSION = YES;
				CLANG_WARN_COMMA = YES;
				CLANG_WARN_CONSTANT_CONVERSION = YES;
				CLANG_WARN_DEPRECATED_OBJC_IMPLEMENTATIONS = YES;
				CLANG_WARN_DIRECT_OBJC_ISA_USAGE = YES_ERROR;
				CLANG_WARN_DOCUMENTATION_COMMENTS = YES;
				CLANG_WARN_EMPTY_BODY = YES;
				CLANG_WARN_ENUM_CONVERSION = YES;
				CLANG_WARN_INFINITE_RECURSION = YES;
				CLANG_WARN_INT_CONVERSION = YES;
				CLANG_WARN_NON_LITERAL_NULL_CONVERSION = YES;
				CLANG_WARN_OBJC_IMPLICIT_RETAIN_SELF = YES;
				CLANG_WARN_OBJC_LITERAL_CONVERSION = YES;
				CLANG_WARN_OBJC_ROOT_CLASS = YES_ERROR;
				CLANG_WARN_QUOTED_INCLUDE_IN_FRAMEWORK_HEADER = YES;
				CLANG_WARN_RANGE_LOOP_ANALYSIS = YES;
				CLANG_WARN_STRICT_PROTOTYPES = YES;
				CLANG_WARN_SUSPICIOUS_MOVE = YES;
				CLANG_WARN_UNGUARDED_AVAILABILITY = YES_AGGRESSIVE;
				CLANG_WARN_UNREACHABLE_CODE = YES;
				CLANG_WARN__DUPLICATE_METHOD_MATCH = YES;
				COPY_PHASE_STRIP = NO;
				DEBUG_INFORMATION_FORMAT = dwarf;
				ENABLE_STRICT_OBJC_MSGSEND = YES;
				ENABLE_TESTABILITY = YES;
				ENABLE_USER_SCRIPT_SANDBOXING = YES;
				GCC_C_LANGUAGE_STANDARD = gnu17;
				GCC_DYNAMIC_NO_PIC = NO;
				GCC_NO_COMMON_BLOCKS = YES;
				GCC_OPTIMIZATION_LEVEL = 0;
				GCC_PREPROCESSOR_DEFINITIONS = (
					"DEBUG=1",
					"$(inherited)",
				);
				GCC_WARN_64_TO_32_BIT_CONVERSION = YES;
				GCC_WARN_ABOUT_RETURN_TYPE = YES_ERROR;
				GCC_WARN_UNDECLARED_SELECTOR = YES;
				GCC_WARN_UNINITIALIZED_AUTOS = YES_AGGRESSIVE;
				GCC_WARN_UNUSED_FUNCTION = YES;
				GCC_WARN_UNUSED_VARIABLE = YES;
				IPHONEOS_DEPLOYMENT_TARGET = 17.2;
				LOCALIZATION_PREFERS_STRING_CATALOGS = YES;
				MTL_ENABLE_DEBUG_INFO = INCLUDE_SOURCE;
				MTL_FAST_MATH = YES;
				ONLY_ACTIVE_ARCH = YES;
				SDKROOT = iphoneos;
				SWIFT_ACTIVE_COMPILATION_CONDITIONS = "DEBUG $(inherited)";
				SWIFT_OPTIMIZATION_LEVEL = "-Onone";
			};
			name = Debug;
		};
		094EA8772BC6AAD5006B0942 /* Release */ = {
			isa = XCBuildConfiguration;
			buildSettings = {
				ALWAYS_SEARCH_USER_PATHS = NO;
				ASSETCATALOG_COMPILER_GENERATE_SWIFT_ASSET_SYMBOL_EXTENSIONS = YES;
				CLANG_ANALYZER_NONNULL = YES;
				CLANG_ANALYZER_NUMBER_OBJECT_CONVERSION = YES_AGGRESSIVE;
				CLANG_CXX_LANGUAGE_STANDARD = "gnu++20";
				CLANG_ENABLE_MODULES = YES;
				CLANG_ENABLE_OBJC_ARC = YES;
				CLANG_ENABLE_OBJC_WEAK = YES;
				CLANG_WARN_BLOCK_CAPTURE_AUTORELEASING = YES;
				CLANG_WARN_BOOL_CONVERSION = YES;
				CLANG_WARN_COMMA = YES;
				CLANG_WARN_CONSTANT_CONVERSION = YES;
				CLANG_WARN_DEPRECATED_OBJC_IMPLEMENTATIONS = YES;
				CLANG_WARN_DIRECT_OBJC_ISA_USAGE = YES_ERROR;
				CLANG_WARN_DOCUMENTATION_COMMENTS = YES;
				CLANG_WARN_EMPTY_BODY = YES;
				CLANG_WARN_ENUM_CONVERSION = YES;
				CLANG_WARN_INFINITE_RECURSION = YES;
				CLANG_WARN_INT_CONVERSION = YES;
				CLANG_WARN_NON_LITERAL_NULL_CONVERSION = YES;
				CLANG_WARN_OBJC_IMPLICIT_RETAIN_SELF = YES;
				CLANG_WARN_OBJC_LITERAL_CONVERSION = YES;
				CLANG_WARN_OBJC_ROOT_CLASS = YES_ERROR;
				CLANG_WARN_QUOTED_INCLUDE_IN_FRAMEWORK_HEADER = YES;
				CLANG_WARN_RANGE_LOOP_ANALYSIS = YES;
				CLANG_WARN_STRICT_PROTOTYPES = YES;
				CLANG_WARN_SUSPICIOUS_MOVE = YES;
				CLANG_WARN_UNGUARDED_AVAILABILITY = YES_AGGRESSIVE;
				CLANG_WARN_UNREACHABLE_CODE = YES;
				CLANG_WARN__DUPLICATE_METHOD_MATCH = YES;
				COPY_PHASE_STRIP = NO;
				DEBUG_INFORMATION_FORMAT = "dwarf-with-dsym";
				ENABLE_NS_ASSERTIONS = NO;
				ENABLE_STRICT_OBJC_MSGSEND = YES;
				ENABLE_USER_SCRIPT_SANDBOXING = YES;
				GCC_C_LANGUAGE_STANDARD = gnu17;
				GCC_NO_COMMON_BLOCKS = YES;
				GCC_WARN_64_TO_32_BIT_CONVERSION = YES;
				GCC_WARN_ABOUT_RETURN_TYPE = YES_ERROR;
				GCC_WARN_UNDECLARED_SELECTOR = YES;
				GCC_WARN_UNINITIALIZED_AUTOS = YES_AGGRESSIVE;
				GCC_WARN_UNUSED_FUNCTION = YES;
				GCC_WARN_UNUSED_VARIABLE = YES;
				IPHONEOS_DEPLOYMENT_TARGET = 17.2;
				LOCALIZATION_PREFERS_STRING_CATALOGS = YES;
				MTL_ENABLE_DEBUG_INFO = NO;
				MTL_FAST_MATH = YES;
				SDKROOT = iphoneos;
				SWIFT_COMPILATION_MODE = wholemodule;
				VALIDATE_PRODUCT = YES;
			};
			name = Release;
		};
		094EA8792BC6AAD5006B0942 /* Debug */ = {
			isa = XCBuildConfiguration;
			buildSettings = {
				ASSETCATALOG_COMPILER_APPICON_NAME = AppIcon;
				ASSETCATALOG_COMPILER_GLOBAL_ACCENT_COLOR_NAME = AccentColor;
				CODE_SIGN_STYLE = Automatic;
				CURRENT_PROJECT_VERSION = 1;
				DEVELOPMENT_ASSET_PATHS = "\"sow/Preview Content\"";
				DEVELOPMENT_TEAM = L248HZDU6R;
				ENABLE_PREVIEWS = YES;
				ENABLE_USER_SCRIPT_SANDBOXING = NO;
				GENERATE_INFOPLIST_FILE = YES;
				INFOPLIST_KEY_UIApplicationSceneManifest_Generation = YES;
				INFOPLIST_KEY_UIApplicationSupportsIndirectInputEvents = YES;
				INFOPLIST_KEY_UILaunchScreen_Generation = YES;
				INFOPLIST_KEY_UISupportedInterfaceOrientations_iPad = "UIInterfaceOrientationPortrait UIInterfaceOrientationPortraitUpsideDown UIInterfaceOrientationLandscapeLeft UIInterfaceOrientationLandscapeRight";
				INFOPLIST_KEY_UISupportedInterfaceOrientations_iPhone = "UIInterfaceOrientationPortrait UIInterfaceOrientationLandscapeLeft UIInterfaceOrientationLandscapeRight";
				LD_RUNPATH_SEARCH_PATHS = (
					"$(inherited)",
					"@executable_path/Frameworks",
				);
				MARKETING_VERSION = 1.0;
				PRODUCT_BUNDLE_IDENTIFIER = com.ohayoukenchan.sow;
				PRODUCT_NAME = "$(TARGET_NAME)";
				SWIFT_EMIT_LOC_STRINGS = YES;
				SWIFT_VERSION = 5.0;
				TARGETED_DEVICE_FAMILY = "1,2";
			};
			name = Debug;
		};
		094EA87A2BC6AAD5006B0942 /* Release */ = {
			isa = XCBuildConfiguration;
			buildSettings = {
				ASSETCATALOG_COMPILER_APPICON_NAME = AppIcon;
				ASSETCATALOG_COMPILER_GLOBAL_ACCENT_COLOR_NAME = AccentColor;
				CODE_SIGN_STYLE = Automatic;
				CURRENT_PROJECT_VERSION = 1;
				DEVELOPMENT_ASSET_PATHS = "\"sow/Preview Content\"";
				DEVELOPMENT_TEAM = L248HZDU6R;
				ENABLE_PREVIEWS = YES;
				ENABLE_USER_SCRIPT_SANDBOXING = NO;
				GENERATE_INFOPLIST_FILE = YES;
				INFOPLIST_KEY_UIApplicationSceneManifest_Generation = YES;
				INFOPLIST_KEY_UIApplicationSupportsIndirectInputEvents = YES;
				INFOPLIST_KEY_UILaunchScreen_Generation = YES;
				INFOPLIST_KEY_UISupportedInterfaceOrientations_iPad = "UIInterfaceOrientationPortrait UIInterfaceOrientationPortraitUpsideDown UIInterfaceOrientationLandscapeLeft UIInterfaceOrientationLandscapeRight";
				INFOPLIST_KEY_UISupportedInterfaceOrientations_iPhone = "UIInterfaceOrientationPortrait UIInterfaceOrientationLandscapeLeft UIInterfaceOrientationLandscapeRight";
				LD_RUNPATH_SEARCH_PATHS = (
					"$(inherited)",
					"@executable_path/Frameworks",
				);
				MARKETING_VERSION = 1.0;
				PRODUCT_BUNDLE_IDENTIFIER = com.ohayoukenchan.sow;
				PRODUCT_NAME = "$(TARGET_NAME)";
				SWIFT_EMIT_LOC_STRINGS = YES;
				SWIFT_VERSION = 5.0;
				TARGETED_DEVICE_FAMILY = "1,2";
			};
			name = Release;
		};
		094EA87C2BC6AAD5006B0942 /* Debug */ = {
			isa = XCBuildConfiguration;
			buildSettings = {
				ALWAYS_EMBED_SWIFT_STANDARD_LIBRARIES = YES;
				BUNDLE_LOADER = "$(TEST_HOST)";
				CODE_SIGN_STYLE = Automatic;
				CURRENT_PROJECT_VERSION = 1;
				DEVELOPMENT_TEAM = L248HZDU6R;
				GENERATE_INFOPLIST_FILE = YES;
				IPHONEOS_DEPLOYMENT_TARGET = 17.2;
				MARKETING_VERSION = 1.0;
				PRODUCT_BUNDLE_IDENTIFIER = com.ohayoukenchan.sow.sowTests;
				PRODUCT_NAME = "$(TARGET_NAME)";
				SWIFT_EMIT_LOC_STRINGS = NO;
				SWIFT_VERSION = 5.0;
				TARGETED_DEVICE_FAMILY = "1,2";
				TEST_HOST = "$(BUILT_PRODUCTS_DIR)/sow.app/$(BUNDLE_EXECUTABLE_FOLDER_PATH)/sow";
			};
			name = Debug;
		};
		094EA87D2BC6AAD5006B0942 /* Release */ = {
			isa = XCBuildConfiguration;
			buildSettings = {
				ALWAYS_EMBED_SWIFT_STANDARD_LIBRARIES = YES;
				BUNDLE_LOADER = "$(TEST_HOST)";
				CODE_SIGN_STYLE = Automatic;
				CURRENT_PROJECT_VERSION = 1;
				DEVELOPMENT_TEAM = L248HZDU6R;
				GENERATE_INFOPLIST_FILE = YES;
				IPHONEOS_DEPLOYMENT_TARGET = 17.2;
				MARKETING_VERSION = 1.0;
				PRODUCT_BUNDLE_IDENTIFIER = com.ohayoukenchan.sow.sowTests;
				PRODUCT_NAME = "$(TARGET_NAME)";
				SWIFT_EMIT_LOC_STRINGS = NO;
				SWIFT_VERSION = 5.0;
				TARGETED_DEVICE_FAMILY = "1,2";
				TEST_HOST = "$(BUILT_PRODUCTS_DIR)/sow.app/$(BUNDLE_EXECUTABLE_FOLDER_PATH)/sow";
			};
			name = Release;
		};
		094EA87F2BC6AAD5006B0942 /* Debug */ = {
			isa = XCBuildConfiguration;
			buildSettings = {
				ALWAYS_EMBED_SWIFT_STANDARD_LIBRARIES = YES;
				CODE_SIGN_STYLE = Automatic;
				CURRENT_PROJECT_VERSION = 1;
				DEVELOPMENT_TEAM = L248HZDU6R;
				GENERATE_INFOPLIST_FILE = YES;
				MARKETING_VERSION = 1.0;
				PRODUCT_BUNDLE_IDENTIFIER = com.ohayoukenchan.sow.sowUITests;
				PRODUCT_NAME = "$(TARGET_NAME)";
				SWIFT_EMIT_LOC_STRINGS = NO;
				SWIFT_VERSION = 5.0;
				TARGETED_DEVICE_FAMILY = "1,2";
				TEST_TARGET_NAME = sow;
			};
			name = Debug;
		};
		094EA8802BC6AAD5006B0942 /* Release */ = {
			isa = XCBuildConfiguration;
			buildSettings = {
				ALWAYS_EMBED_SWIFT_STANDARD_LIBRARIES = YES;
				CODE_SIGN_STYLE = Automatic;
				CURRENT_PROJECT_VERSION = 1;
				DEVELOPMENT_TEAM = L248HZDU6R;
				GENERATE_INFOPLIST_FILE = YES;
				MARKETING_VERSION = 1.0;
				PRODUCT_BUNDLE_IDENTIFIER = com.ohayoukenchan.sow.sowUITests;
				PRODUCT_NAME = "$(TARGET_NAME)";
				SWIFT_EMIT_LOC_STRINGS = NO;
				SWIFT_VERSION = 5.0;
				TARGETED_DEVICE_FAMILY = "1,2";
				TEST_TARGET_NAME = sow;
			};
			name = Release;
		};
		099CDAC22BC787A700CB1FAC /* Debug */ = {
			isa = XCBuildConfiguration;
			buildSettings = {
				ASSETCATALOG_COMPILER_APPICON_NAME = AppIcon;
				ASSETCATALOG_COMPILER_GLOBAL_ACCENT_COLOR_NAME = AccentColor;
				CODE_SIGN_STYLE = Automatic;
				CURRENT_PROJECT_VERSION = 1;
				DEVELOPMENT_ASSET_PATHS = "\"sow/Preview Content\"";
				DEVELOPMENT_TEAM = L248HZDU6R;
				ENABLE_PREVIEWS = YES;
				ENABLE_USER_SCRIPT_SANDBOXING = NO;
				GENERATE_INFOPLIST_FILE = YES;
				INFOPLIST_KEY_UIApplicationSceneManifest_Generation = YES;
				INFOPLIST_KEY_UIApplicationSupportsIndirectInputEvents = YES;
				INFOPLIST_KEY_UILaunchScreen_Generation = YES;
				INFOPLIST_KEY_UISupportedInterfaceOrientations_iPad = "UIInterfaceOrientationPortrait UIInterfaceOrientationPortraitUpsideDown UIInterfaceOrientationLandscapeLeft UIInterfaceOrientationLandscapeRight";
				INFOPLIST_KEY_UISupportedInterfaceOrientations_iPhone = "UIInterfaceOrientationPortrait UIInterfaceOrientationLandscapeLeft UIInterfaceOrientationLandscapeRight";
				LD_RUNPATH_SEARCH_PATHS = (
					"$(inherited)",
					"@executable_path/Frameworks",
				);
				MARKETING_VERSION = 1.0;
				PRODUCT_BUNDLE_IDENTIFIER = com.ohayoukenchan.sow.dev;
				PRODUCT_NAME = "$(TARGET_NAME)";
				SWIFT_EMIT_LOC_STRINGS = YES;
				SWIFT_VERSION = 5.0;
				TARGETED_DEVICE_FAMILY = "1,2";
			};
			name = Debug;
		};
		099CDAC32BC787A700CB1FAC /* Release */ = {
			isa = XCBuildConfiguration;
			buildSettings = {
				ASSETCATALOG_COMPILER_APPICON_NAME = AppIcon;
				ASSETCATALOG_COMPILER_GLOBAL_ACCENT_COLOR_NAME = AccentColor;
				CODE_SIGN_STYLE = Automatic;
				CURRENT_PROJECT_VERSION = 1;
				DEVELOPMENT_ASSET_PATHS = "\"sow/Preview Content\"";
				DEVELOPMENT_TEAM = L248HZDU6R;
				ENABLE_PREVIEWS = YES;
				ENABLE_USER_SCRIPT_SANDBOXING = NO;
				GENERATE_INFOPLIST_FILE = YES;
				INFOPLIST_KEY_UIApplicationSceneManifest_Generation = YES;
				INFOPLIST_KEY_UIApplicationSupportsIndirectInputEvents = YES;
				INFOPLIST_KEY_UILaunchScreen_Generation = YES;
				INFOPLIST_KEY_UISupportedInterfaceOrientations_iPad = "UIInterfaceOrientationPortrait UIInterfaceOrientationPortraitUpsideDown UIInterfaceOrientationLandscapeLeft UIInterfaceOrientationLandscapeRight";
				INFOPLIST_KEY_UISupportedInterfaceOrientations_iPhone = "UIInterfaceOrientationPortrait UIInterfaceOrientationLandscapeLeft UIInterfaceOrientationLandscapeRight";
				LD_RUNPATH_SEARCH_PATHS = (
					"$(inherited)",
					"@executable_path/Frameworks",
				);
				MARKETING_VERSION = 1.0;
				PRODUCT_BUNDLE_IDENTIFIER = com.ohayoukenchan.sow.dev;
				PRODUCT_NAME = "$(TARGET_NAME)";
				SWIFT_EMIT_LOC_STRINGS = YES;
				SWIFT_VERSION = 5.0;
				TARGETED_DEVICE_FAMILY = "1,2";
			};
			name = Release;
		};
/* End XCBuildConfiguration section */

/* Begin XCConfigurationList section */
		094EA84F2BC6AAD3006B0942 /* Build configuration list for PBXProject "sow" */ = {
			isa = XCConfigurationList;
			buildConfigurations = (
				094EA8762BC6AAD5006B0942 /* Debug */,
				094EA8772BC6AAD5006B0942 /* Release */,
			);
			defaultConfigurationIsVisible = 0;
			defaultConfigurationName = Release;
		};
		094EA8782BC6AAD5006B0942 /* Build configuration list for PBXNativeTarget "sow" */ = {
			isa = XCConfigurationList;
			buildConfigurations = (
				094EA8792BC6AAD5006B0942 /* Debug */,
				094EA87A2BC6AAD5006B0942 /* Release */,
			);
			defaultConfigurationIsVisible = 0;
			defaultConfigurationName = Release;
		};
		094EA87B2BC6AAD5006B0942 /* Build configuration list for PBXNativeTarget "sowTests" */ = {
			isa = XCConfigurationList;
			buildConfigurations = (
				094EA87C2BC6AAD5006B0942 /* Debug */,
				094EA87D2BC6AAD5006B0942 /* Release */,
			);
			defaultConfigurationIsVisible = 0;
			defaultConfigurationName = Release;
		};
		094EA87E2BC6AAD5006B0942 /* Build configuration list for PBXNativeTarget "sowUITests" */ = {
			isa = XCConfigurationList;
			buildConfigurations = (
				094EA87F2BC6AAD5006B0942 /* Debug */,
				094EA8802BC6AAD5006B0942 /* Release */,
			);
			defaultConfigurationIsVisible = 0;
			defaultConfigurationName = Release;
		};
		099CDAC12BC787A700CB1FAC /* Build configuration list for PBXNativeTarget "sow-dev" */ = {
			isa = XCConfigurationList;
			buildConfigurations = (
				099CDAC22BC787A700CB1FAC /* Debug */,
				099CDAC32BC787A700CB1FAC /* Release */,
			);
			defaultConfigurationIsVisible = 0;
			defaultConfigurationName = Release;
		};
/* End XCConfigurationList section */

/* Begin XCSwiftPackageProductDependency section */
		099CDAB22BC7852300CB1FAC /* PresentationLib */ = {
			isa = XCSwiftPackageProductDependency;
			productName = PresentationLib;
		};
		099CDAB72BC787A700CB1FAC /* PresentationLib */ = {
			isa = XCSwiftPackageProductDependency;
			productName = PresentationLib;
		};
/* End XCSwiftPackageProductDependency section */
	};
	rootObject = 094EA84C2BC6AAD3006B0942 /* Project object */;
}
